
Microsoft Visual Studio Solution File, Format Version 12.00
# Visual Studio Version 17
VisualStudioVersion = 17.12.35506.116
MinimumVisualStudioVersion = 10.0.40219.1
Project("{8BC9CEB8-8B4A-11D0-8D11-00A0C91BC942}") = "go2cheat", "usermode\usermode.vcxproj", "{05C8EB8C-2B1E-403D-B7B3-D1F396194C7B}"
EndProject
Project("{8BC9CEB8-8B4A-11D0-8D11-00A0C91BC942}") = "kmode", "kmode\kmode.vcxproj", "{7AF8EFC4-5661-4119-848D-74A518ED7F40}"
EndProject
Project("{8BC9CEB8-8B4A-11D0-8D11-00A0C91BC942}") = "go2cheat_arena", "go2cheat_arena\go2cheat_arena.vcxproj", "{10157470-8852-470C-A10E-B82845D69AB0}"
EndProject
Global
	GlobalSection(SolutionConfigurationPlatforms) = preSolution
		Debug|ARM64 = Debug|ARM64
		Debug|x64 = Debug|x64
		Debug|x86 = Debug|x86
		dll_Debug|ARM64 = dll_Debug|ARM64
		dll_Debug|x64 = dll_Debug|x64
		dll_Debug|x86 = dll_Debug|x86
		dll_Release|ARM64 = dll_Release|ARM64
		dll_Release|x64 = dll_Release|x64
		dll_Release|x86 = dll_Release|x86
		driver_Debug|ARM64 = driver_Debug|ARM64
		driver_Debug|x64 = driver_Debug|x64
		driver_Debug|x86 = driver_Debug|x86
		driver_Release|ARM64 = driver_Release|ARM64
		driver_Release|x64 = driver_Release|x64
		driver_Release|x86 = driver_Release|x86
		GUI_Debug|ARM64 = GUI_Debug|ARM64
		GUI_Debug|x64 = GUI_Debug|x64
		GUI_Debug|x86 = GUI_Debug|x86
		GUI_Release|ARM64 = GUI_Release|ARM64
		GUI_Release|x64 = GUI_Release|x64
		GUI_Release|x86 = GUI_Release|x86
		Release|ARM64 = Release|ARM64
		Release|x64 = Release|x64
		Release|x86 = Release|x86
	EndGlobalSection
	GlobalSection(ProjectConfigurationPlatforms) = postSolution
		{05C8EB8C-2B1E-403D-B7B3-D1F396194C7B}.Debug|ARM64.ActiveCfg = Debug|x64
		{05C8EB8C-2B1E-403D-B7B3-D1F396194C7B}.Debug|ARM64.Build.0 = Debug|x64
		{05C8EB8C-2B1E-403D-B7B3-D1F396194C7B}.Debug|x64.ActiveCfg = Debug|x64
		{05C8EB8C-2B1E-403D-B7B3-D1F396194C7B}.Debug|x86.ActiveCfg = Debug|Win32
		{05C8EB8C-2B1E-403D-B7B3-D1F396194C7B}.Debug|x86.Build.0 = Debug|Win32
		{05C8EB8C-2B1E-403D-B7B3-D1F396194C7B}.dll_Debug|ARM64.ActiveCfg = dll_Debug|x64
		{05C8EB8C-2B1E-403D-B7B3-D1F396194C7B}.dll_Debug|ARM64.Build.0 = dll_Debug|x64
		{05C8EB8C-2B1E-403D-B7B3-D1F396194C7B}.dll_Debug|x64.ActiveCfg = dll_Debug|x64
		{05C8EB8C-2B1E-403D-B7B3-D1F396194C7B}.dll_Debug|x86.ActiveCfg = dll_Debug|Win32
		{05C8EB8C-2B1E-403D-B7B3-D1F396194C7B}.dll_Release|ARM64.ActiveCfg = dll_Release|x64
		{05C8EB8C-2B1E-403D-B7B3-D1F396194C7B}.dll_Release|ARM64.Build.0 = dll_Release|x64
		{05C8EB8C-2B1E-403D-B7B3-D1F396194C7B}.dll_Release|x64.ActiveCfg = dll_Release|x64
		{05C8EB8C-2B1E-403D-B7B3-D1F396194C7B}.dll_Release|x86.ActiveCfg = dll_Release|Win32
		{05C8EB8C-2B1E-403D-B7B3-D1F396194C7B}.driver_Debug|ARM64.ActiveCfg = driver_Debug|x64
		{05C8EB8C-2B1E-403D-B7B3-D1F396194C7B}.driver_Debug|ARM64.Build.0 = driver_Debug|x64
		{05C8EB8C-2B1E-403D-B7B3-D1F396194C7B}.driver_Debug|x64.ActiveCfg = driver_Debug|x64
		{05C8EB8C-2B1E-403D-B7B3-D1F396194C7B}.driver_Debug|x86.ActiveCfg = driver_Debug|Win32
		{05C8EB8C-2B1E-403D-B7B3-D1F396194C7B}.driver_Release|ARM64.ActiveCfg = driver_Release|x64
		{05C8EB8C-2B1E-403D-B7B3-D1F396194C7B}.driver_Release|ARM64.Build.0 = driver_Release|x64
		{05C8EB8C-2B1E-403D-B7B3-D1F396194C7B}.driver_Release|x64.ActiveCfg = driver_Release|x64
		{05C8EB8C-2B1E-403D-B7B3-D1F396194C7B}.driver_Release|x86.ActiveCfg = driver_Release|Win32
		{05C8EB8C-2B1E-403D-B7B3-D1F396194C7B}.GUI_Debug|ARM64.ActiveCfg = GUI_Debug|x64
		{05C8EB8C-2B1E-403D-B7B3-D1F396194C7B}.GUI_Debug|ARM64.Build.0 = GUI_Debug|x64
		{05C8EB8C-2B1E-403D-B7B3-D1F396194C7B}.GUI_Debug|x64.ActiveCfg = GUI_Debug|x64
		{05C8EB8C-2B1E-403D-B7B3-D1F396194C7B}.GUI_Debug|x86.ActiveCfg = GUI_Debug|Win32
		{05C8EB8C-2B1E-403D-B7B3-D1F396194C7B}.GUI_Release|ARM64.ActiveCfg = GUI_Release|x64
		{05C8EB8C-2B1E-403D-B7B3-D1F396194C7B}.GUI_Release|ARM64.Build.0 = GUI_Release|x64
		{05C8EB8C-2B1E-403D-B7B3-D1F396194C7B}.GUI_Release|x64.ActiveCfg = GUI_Release|x64
		{05C8EB8C-2B1E-403D-B7B3-D1F396194C7B}.GUI_Release|x86.ActiveCfg = GUI_Release|Win32
		{05C8EB8C-2B1E-403D-B7B3-D1F396194C7B}.Release|ARM64.ActiveCfg = Release|x64
		{05C8EB8C-2B1E-403D-B7B3-D1F396194C7B}.Release|ARM64.Build.0 = Release|x64
		{05C8EB8C-2B1E-403D-B7B3-D1F396194C7B}.Release|x64.ActiveCfg = Release|x64
		{05C8EB8C-2B1E-403D-B7B3-D1F396194C7B}.Release|x86.ActiveCfg = Release|Win32
		{05C8EB8C-2B1E-403D-B7B3-D1F396194C7B}.Release|x86.Build.0 = Release|Win32
		{7AF8EFC4-5661-4119-848D-74A518ED7F40}.Debug|ARM64.ActiveCfg = Debug|ARM64
		{7AF8EFC4-5661-4119-848D-74A518ED7F40}.Debug|ARM64.Build.0 = Debug|ARM64
		{7AF8EFC4-5661-4119-848D-74A518ED7F40}.Debug|x64.ActiveCfg = Debug|x64
		{7AF8EFC4-5661-4119-848D-74A518ED7F40}.Debug|x86.ActiveCfg = Debug|x64
		{7AF8EFC4-5661-4119-848D-74A518ED7F40}.Debug|x86.Build.0 = Debug|x64
		{7AF8EFC4-5661-4119-848D-74A518ED7F40}.Debug|x86.Deploy.0 = Debug|x64
		{7AF8EFC4-5661-4119-848D-74A518ED7F40}.dll_Debug|ARM64.ActiveCfg = dll_Debug|ARM64
		{7AF8EFC4-5661-4119-848D-74A518ED7F40}.dll_Debug|ARM64.Build.0 = dll_Debug|ARM64
		{7AF8EFC4-5661-4119-848D-74A518ED7F40}.dll_Debug|x64.ActiveCfg = dll_Debug|x64
		{7AF8EFC4-5661-4119-848D-74A518ED7F40}.dll_Debug|x86.ActiveCfg = dll_Debug|x64
		{7AF8EFC4-5661-4119-848D-74A518ED7F40}.dll_Debug|x86.Build.0 = dll_Debug|x64
		{7AF8EFC4-5661-4119-848D-74A518ED7F40}.dll_Debug|x86.Deploy.0 = dll_Debug|x64
		{7AF8EFC4-5661-4119-848D-74A518ED7F40}.dll_Release|ARM64.ActiveCfg = dll_Release|ARM64
		{7AF8EFC4-5661-4119-848D-74A518ED7F40}.dll_Release|ARM64.Build.0 = dll_Release|ARM64
		{7AF8EFC4-5661-4119-848D-74A518ED7F40}.dll_Release|x64.ActiveCfg = dll_Release|x64
		{7AF8EFC4-5661-4119-848D-74A518ED7F40}.dll_Release|x86.ActiveCfg = dll_Release|x64
		{7AF8EFC4-5661-4119-848D-74A518ED7F40}.dll_Release|x86.Build.0 = dll_Release|x64
		{7AF8EFC4-5661-4119-848D-74A518ED7F40}.dll_Release|x86.Deploy.0 = dll_Release|x64
		{7AF8EFC4-5661-4119-848D-74A518ED7F40}.driver_Debug|ARM64.ActiveCfg = driver_Debug|ARM64
		{7AF8EFC4-5661-4119-848D-74A518ED7F40}.driver_Debug|ARM64.Deploy.0 = driver_Debug|ARM64
		{7AF8EFC4-5661-4119-848D-74A518ED7F40}.driver_Debug|x64.ActiveCfg = driver_Debug|x64
		{7AF8EFC4-5661-4119-848D-74A518ED7F40}.driver_Debug|x64.Build.0 = driver_Debug|x64
		{7AF8EFC4-5661-4119-848D-74A518ED7F40}.driver_Debug|x86.ActiveCfg = driver_Debug|x64
		{7AF8EFC4-5661-4119-848D-74A518ED7F40}.driver_Debug|x86.Build.0 = driver_Debug|x64
		{7AF8EFC4-5661-4119-848D-74A518ED7F40}.driver_Debug|x86.Deploy.0 = driver_Debug|x64
		{7AF8EFC4-5661-4119-848D-74A518ED7F40}.driver_Release|ARM64.ActiveCfg = driver_Release|ARM64
		{7AF8EFC4-5661-4119-848D-74A518ED7F40}.driver_Release|ARM64.Deploy.0 = driver_Release|ARM64
		{7AF8EFC4-5661-4119-848D-74A518ED7F40}.driver_Release|x64.ActiveCfg = driver_Release|x64
		{7AF8EFC4-5661-4119-848D-74A518ED7F40}.driver_Release|x64.Build.0 = driver_Release|x64
		{7AF8EFC4-5661-4119-848D-74A518ED7F40}.driver_Release|x86.ActiveCfg = driver_Release|x64
		{7AF8EFC4-5661-4119-848D-74A518ED7F40}.driver_Release|x86.Build.0 = driver_Release|x64
		{7AF8EFC4-5661-4119-848D-74A518ED7F40}.driver_Release|x86.Deploy.0 = driver_Release|x64
		{7AF8EFC4-5661-4119-848D-74A518ED7F40}.GUI_Debug|ARM64.ActiveCfg = GUI_Debug|ARM64
		{7AF8EFC4-5661-4119-848D-74A518ED7F40}.GUI_Debug|ARM64.Build.0 = GUI_Debug|ARM64
		{7AF8EFC4-5661-4119-848D-74A518ED7F40}.GUI_Debug|x64.ActiveCfg = GUI_Debug|x64
		{7AF8EFC4-5661-4119-848D-74A518ED7F40}.GUI_Debug|x86.ActiveCfg = GUI_Debug|x64
		{7AF8EFC4-5661-4119-848D-74A518ED7F40}.GUI_Debug|x86.Build.0 = GUI_Debug|x64
		{7AF8EFC4-5661-4119-848D-74A518ED7F40}.GUI_Release|ARM64.ActiveCfg = GUI_Release|ARM64
		{7AF8EFC4-5661-4119-848D-74A518ED7F40}.GUI_Release|ARM64.Build.0 = GUI_Release|ARM64
		{7AF8EFC4-5661-4119-848D-74A518ED7F40}.GUI_Release|x64.ActiveCfg = GUI_Release|x64
		{7AF8EFC4-5661-4119-848D-74A518ED7F40}.GUI_Release|x86.ActiveCfg = GUI_Release|x64
		{7AF8EFC4-5661-4119-848D-74A518ED7F40}.GUI_Release|x86.Build.0 = GUI_Release|x64
		{7AF8EFC4-5661-4119-848D-74A518ED7F40}.Release|ARM64.ActiveCfg = Release|ARM64
		{7AF8EFC4-5661-4119-848D-74A518ED7F40}.Release|ARM64.Build.0 = Release|ARM64
		{7AF8EFC4-5661-4119-848D-74A518ED7F40}.Release|x64.ActiveCfg = Release|x64
		{7AF8EFC4-5661-4119-848D-74A518ED7F40}.Release|x86.ActiveCfg = Release|x64
		{7AF8EFC4-5661-4119-848D-74A518ED7F40}.Release|x86.Build.0 = Release|x64
		{7AF8EFC4-5661-4119-848D-74A518ED7F40}.Release|x86.Deploy.0 = Release|x64
		{10157470-8852-470C-A10E-B82845D69AB0}.Debug|ARM64.ActiveCfg = Debug|x64
		{10157470-8852-470C-A10E-B82845D69AB0}.Debug|ARM64.Build.0 = Debug|x64
		{10157470-8852-470C-A10E-B82845D69AB0}.Debug|x64.ActiveCfg = Debug|x64
		{10157470-8852-470C-A10E-B82845D69AB0}.Debug|x64.Build.0 = Debug|x64
		{10157470-8852-470C-A10E-B82845D69AB0}.Debug|x86.ActiveCfg = Debug|Win32
		{10157470-8852-470C-A10E-B82845D69AB0}.Debug|x86.Build.0 = Debug|Win32
		{10157470-8852-470C-A10E-B82845D69AB0}.dll_Debug|ARM64.ActiveCfg = dll_Debug|x64
		{10157470-8852-470C-A10E-B82845D69AB0}.dll_Debug|ARM64.Build.0 = dll_Debug|x64
		{10157470-8852-470C-A10E-B82845D69AB0}.dll_Debug|x64.ActiveCfg = dll_Debug|x64
		{10157470-8852-470C-A10E-B82845D69AB0}.dll_Debug|x64.Build.0 = dll_Debug|x64
		{10157470-8852-470C-A10E-B82845D69AB0}.dll_Debug|x86.ActiveCfg = dll_Debug|Win32
		{10157470-8852-470C-A10E-B82845D69AB0}.dll_Debug|x86.Build.0 = dll_Debug|Win32
		{10157470-8852-470C-A10E-B82845D69AB0}.dll_Release|ARM64.ActiveCfg = dll_Release|x64
		{10157470-8852-470C-A10E-B82845D69AB0}.dll_Release|ARM64.Build.0 = dll_Release|x64
		{10157470-8852-470C-A10E-B82845D69AB0}.dll_Release|x64.ActiveCfg = dll_Release|x64
		{10157470-8852-470C-A10E-B82845D69AB0}.dll_Release|x64.Build.0 = dll_Release|x64
		{10157470-8852-470C-A10E-B82845D69AB0}.dll_Release|x86.ActiveCfg = dll_Release|Win32
		{10157470-8852-470C-A10E-B82845D69AB0}.dll_Release|x86.Build.0 = dll_Release|Win32
		{10157470-8852-470C-A10E-B82845D69AB0}.driver_Debug|ARM64.ActiveCfg = driver_Debug|x64
		{10157470-8852-470C-A10E-B82845D69AB0}.driver_Debug|ARM64.Build.0 = driver_Debug|x64
		{10157470-8852-470C-A10E-B82845D69AB0}.driver_Debug|x64.ActiveCfg = driver_Debug|x64
		{10157470-8852-470C-A10E-B82845D69AB0}.driver_Debug|x86.ActiveCfg = driver_Debug|Win32
		{10157470-8852-470C-A10E-B82845D69AB0}.driver_Debug|x86.Build.0 = driver_Debug|Win32
		{10157470-8852-470C-A10E-B82845D69AB0}.driver_Release|ARM64.ActiveCfg = driver_Release|x64
		{10157470-8852-470C-A10E-B82845D69AB0}.driver_Release|ARM64.Build.0 = driver_Release|x64
		{10157470-8852-470C-A10E-B82845D69AB0}.driver_Release|x64.ActiveCfg = driver_Release|x64
		{10157470-8852-470C-A10E-B82845D69AB0}.driver_Release|x86.ActiveCfg = driver_Release|Win32
		{10157470-8852-470C-A10E-B82845D69AB0}.driver_Release|x86.Build.0 = driver_Release|Win32
		{10157470-8852-470C-A10E-B82845D69AB0}.GUI_Debug|ARM64.ActiveCfg = GUI_Debug|x64
		{10157470-8852-470C-A10E-B82845D69AB0}.GUI_Debug|ARM64.Build.0 = GUI_Debug|x64
		{10157470-8852-470C-A10E-B82845D69AB0}.GUI_Debug|x64.ActiveCfg = GUI_Debug|x64
		{10157470-8852-470C-A10E-B82845D69AB0}.GUI_Debug|x86.ActiveCfg = GUI_Debug|Win32
		{10157470-8852-470C-A10E-B82845D69AB0}.GUI_Debug|x86.Build.0 = GUI_Debug|Win32
		{10157470-8852-470C-A10E-B82845D69AB0}.GUI_Release|ARM64.ActiveCfg = GUI_Release|x64
		{10157470-8852-470C-A10E-B82845D69AB0}.GUI_Release|ARM64.Build.0 = GUI_Release|x64
		{10157470-8852-470C-A10E-B82845D69AB0}.GUI_Release|x64.ActiveCfg = GUI_Release|x64
		{10157470-8852-470C-A10E-B82845D69AB0}.GUI_Release|x86.ActiveCfg = GUI_Release|Win32
		{10157470-8852-470C-A10E-B82845D69AB0}.GUI_Release|x86.Build.0 = GUI_Release|Win32
		{10157470-8852-470C-A10E-B82845D69AB0}.Release|ARM64.ActiveCfg = Release|x64
		{10157470-8852-470C-A10E-B82845D69AB0}.Release|ARM64.Build.0 = Release|x64
		{10157470-8852-470C-A10E-B82845D69AB0}.Release|x64.ActiveCfg = Release|x64
		{10157470-8852-470C-A10E-B82845D69AB0}.Release|x64.Build.0 = Release|x64
		{10157470-8852-470C-A10E-B82845D69AB0}.Release|x86.ActiveCfg = Release|Win32
		{10157470-8852-470C-A10E-B82845D69AB0}.Release|x86.Build.0 = Release|Win32
	EndGlobalSection
	GlobalSection(SolutionProperties) = preSolution
		HideSolutionNode = FALSE
	EndGlobalSection
EndGlobal
